
Microsoft Visual Studio Solution File, Format Version 12.00
# Visual Studio Version 17
VisualStudioVersion = 17.0.31903.59
MinimumVisualStudioVersion = 10.0.40219.1
Project("{2150E333-8FDC-42A3-9474-1A3956D46DE8}") = "src", "src", "{827E0CD3-B72D-47B6-A68D-7590B98EB39B}"
EndProject
Project("{FAE04EC0-301F-11D3-BF4B-00C04F79EFBC}") = "SalesApi.Domain", "src\SalesApi.Domain\SalesApi.Domain.csproj", "{CD7F5FBB-F821-40CF-A951-49BED5D765EF}"
EndProject
Project("{FAE04EC0-301F-11D3-BF4B-00C04F79EFBC}") = "SalesApi.Application", "src\SalesApi.Application\SalesApi.Application.csproj", "{F52A25F7-A7C6-4843-AD67-C2585B052516}"
EndProject
Project("{FAE04EC0-301F-11D3-BF4B-00C04F79EFBC}") = "SalesApi.Infrastructure", "src\SalesApi.Infrastructure\SalesApi.Infrastructure.csproj", "{758FD589-4012-4501-B7B2-275079E7A3DB}"
EndProject
Project("{FAE04EC0-301F-11D3-BF4B-00C04F79EFBC}") = "SalesApi.Api", "src\SalesApi.Api\SalesApi.Api.csproj", "{73E88E53-ADA4-452A-9607-CBEF3F9AA55D}"
EndProject
Project("{2150E333-8FDC-42A3-9474-1A3956D46DE8}") = "tests", "tests", "{0AB3BF05-4346-4AA6-1389-037BE0695223}"
EndProject
Project("{FAE04EC0-301F-11D3-BF4B-00C04F79EFBC}") = "SalesApi.Domain.Tests", "tests\SalesApi.Domain.Tests\SalesApi.Domain.Tests.csproj", "{C87F1B95-EBD4-4C96-94D5-901108B3F222}"
EndProject
Project("{FAE04EC0-301F-11D3-BF4B-00C04F79EFBC}") = "SalesApi.Application.Tests", "tests\SalesApi.Application.Tests\SalesApi.Application.Tests.csproj", "{F70028EA-87CE-4F2C-8250-219D18730F40}"
EndProject
Project("{FAE04EC0-301F-11D3-BF4B-00C04F79EFBC}") = "SalesApi.Api.Tests", "tests\SalesApi.Api.Tests\SalesApi.Api.Tests.csproj", "{59EA63F7-2AAA-4808-9189-32E10D2FDB03}"
EndProject
Global
	GlobalSection(SolutionConfigurationPlatforms) = preSolution
		Debug|Any CPU = Debug|Any CPU
		Debug|x64 = Debug|x64
		Debug|x86 = Debug|x86
		Release|Any CPU = Release|Any CPU
		Release|x64 = Release|x64
		Release|x86 = Release|x86
	EndGlobalSection
	GlobalSection(ProjectConfigurationPlatforms) = postSolution
		{CD7F5FBB-F821-40CF-A951-49BED5D765EF}.Debug|Any CPU.ActiveCfg = Debug|Any CPU
		{CD7F5FBB-F821-40CF-A951-49BED5D765EF}.Debug|Any CPU.Build.0 = Debug|Any CPU
		{CD7F5FBB-F821-40CF-A951-49BED5D765EF}.Debug|x64.ActiveCfg = Debug|Any CPU
		{CD7F5FBB-F821-40CF-A951-49BED5D765EF}.Debug|x64.Build.0 = Debug|Any CPU
		{CD7F5FBB-F821-40CF-A951-49BED5D765EF}.Debug|x86.ActiveCfg = Debug|Any CPU
		{CD7F5FBB-F821-40CF-A951-49BED5D765EF}.Debug|x86.Build.0 = Debug|Any CPU
		{CD7F5FBB-F821-40CF-A951-49BED5D765EF}.Release|Any CPU.ActiveCfg = Release|Any CPU
		{CD7F5FBB-F821-40CF-A951-49BED5D765EF}.Release|Any CPU.Build.0 = Release|Any CPU
		{CD7F5FBB-F821-40CF-A951-49BED5D765EF}.Release|x64.ActiveCfg = Release|Any CPU
		{CD7F5FBB-F821-40CF-A951-49BED5D765EF}.Release|x64.Build.0 = Release|Any CPU
		{CD7F5FBB-F821-40CF-A951-49BED5D765EF}.Release|x86.ActiveCfg = Release|Any CPU
		{CD7F5FBB-F821-40CF-A951-49BED5D765EF}.Release|x86.Build.0 = Release|Any CPU
		{F52A25F7-A7C6-4843-AD67-C2585B052516}.Debug|Any CPU.ActiveCfg = Debug|Any CPU
		{F52A25F7-A7C6-4843-AD67-C2585B052516}.Debug|Any CPU.Build.0 = Debug|Any CPU
		{F52A25F7-A7C6-4843-AD67-C2585B052516}.Debug|x64.ActiveCfg = Debug|Any CPU
		{F52A25F7-A7C6-4843-AD67-C2585B052516}.Debug|x64.Build.0 = Debug|Any CPU
		{F52A25F7-A7C6-4843-AD67-C2585B052516}.Debug|x86.ActiveCfg = Debug|Any CPU
		{F52A25F7-A7C6-4843-AD67-C2585B052516}.Debug|x86.Build.0 = Debug|Any CPU
		{F52A25F7-A7C6-4843-AD67-C2585B052516}.Release|Any CPU.ActiveCfg = Release|Any CPU
		{F52A25F7-A7C6-4843-AD67-C2585B052516}.Release|Any CPU.Build.0 = Release|Any CPU
		{F52A25F7-A7C6-4843-AD67-C2585B052516}.Release|x64.ActiveCfg = Release|Any CPU
		{F52A25F7-A7C6-4843-AD67-C2585B052516}.Release|x64.Build.0 = Release|Any CPU
		{F52A25F7-A7C6-4843-AD67-C2585B052516}.Release|x86.ActiveCfg = Release|Any CPU
		{F52A25F7-A7C6-4843-AD67-C2585B052516}.Release|x86.Build.0 = Release|Any CPU
		{758FD589-4012-4501-B7B2-275079E7A3DB}.Debug|Any CPU.ActiveCfg = Debug|Any CPU
		{758FD589-4012-4501-B7B2-275079E7A3DB}.Debug|Any CPU.Build.0 = Debug|Any CPU
		{758FD589-4012-4501-B7B2-275079E7A3DB}.Debug|x64.ActiveCfg = Debug|Any CPU
		{758FD589-4012-4501-B7B2-275079E7A3DB}.Debug|x64.Build.0 = Debug|Any CPU
		{758FD589-4012-4501-B7B2-275079E7A3DB}.Debug|x86.ActiveCfg = Debug|Any CPU
		{758FD589-4012-4501-B7B2-275079E7A3DB}.Debug|x86.Build.0 = Debug|Any CPU
		{758FD589-4012-4501-B7B2-275079E7A3DB}.Release|Any CPU.ActiveCfg = Release|Any CPU
		{758FD589-4012-4501-B7B2-275079E7A3DB}.Release|Any CPU.Build.0 = Release|Any CPU
		{758FD589-4012-4501-B7B2-275079E7A3DB}.Release|x64.ActiveCfg = Release|Any CPU
		{758FD589-4012-4501-B7B2-275079E7A3DB}.Release|x64.Build.0 = Release|Any CPU
		{758FD589-4012-4501-B7B2-275079E7A3DB}.Release|x86.ActiveCfg = Release|Any CPU
		{758FD589-4012-4501-B7B2-275079E7A3DB}.Release|x86.Build.0 = Release|Any CPU
		{73E88E53-ADA4-452A-9607-CBEF3F9AA55D}.Debug|Any CPU.ActiveCfg = Debug|Any CPU
		{73E88E53-ADA4-452A-9607-CBEF3F9AA55D}.Debug|Any CPU.Build.0 = Debug|Any CPU
		{73E88E53-ADA4-452A-9607-CBEF3F9AA55D}.Debug|x64.ActiveCfg = Debug|Any CPU
		{73E88E53-ADA4-452A-9607-CBEF3F9AA55D}.Debug|x64.Build.0 = Debug|Any CPU
		{73E88E53-ADA4-452A-9607-CBEF3F9AA55D}.Debug|x86.ActiveCfg = Debug|Any CPU
		{73E88E53-ADA4-452A-9607-CBEF3F9AA55D}.Debug|x86.Build.0 = Debug|Any CPU
		{73E88E53-ADA4-452A-9607-CBEF3F9AA55D}.Release|Any CPU.ActiveCfg = Release|Any CPU
		{73E88E53-ADA4-452A-9607-CBEF3F9AA55D}.Release|Any CPU.Build.0 = Release|Any CPU
		{73E88E53-ADA4-452A-9607-CBEF3F9AA55D}.Release|x64.ActiveCfg = Release|Any CPU
		{73E88E53-ADA4-452A-9607-CBEF3F9AA55D}.Release|x64.Build.0 = Release|Any CPU
		{73E88E53-ADA4-452A-9607-CBEF3F9AA55D}.Release|x86.ActiveCfg = Release|Any CPU
		{73E88E53-ADA4-452A-9607-CBEF3F9AA55D}.Release|x86.Build.0 = Release|Any CPU
		{C87F1B95-EBD4-4C96-94D5-901108B3F222}.Debug|Any CPU.ActiveCfg = Debug|Any CPU
		{C87F1B95-EBD4-4C96-94D5-901108B3F222}.Debug|Any CPU.Build.0 = Debug|Any CPU
		{C87F1B95-EBD4-4C96-94D5-901108B3F222}.Debug|x64.ActiveCfg = Debug|Any CPU
		{C87F1B95-EBD4-4C96-94D5-901108B3F222}.Debug|x64.Build.0 = Debug|Any CPU
		{C87F1B95-EBD4-4C96-94D5-901108B3F222}.Debug|x86.ActiveCfg = Debug|Any CPU
		{C87F1B95-EBD4-4C96-94D5-901108B3F222}.Debug|x86.Build.0 = Debug|Any CPU
		{C87F1B95-EBD4-4C96-94D5-901108B3F222}.Release|Any CPU.ActiveCfg = Release|Any CPU
		{C87F1B95-EBD4-4C96-94D5-901108B3F222}.Release|Any CPU.Build.0 = Release|Any CPU
		{C87F1B95-EBD4-4C96-94D5-901108B3F222}.Release|x64.ActiveCfg = Release|Any CPU
		{C87F1B95-EBD4-4C96-94D5-901108B3F222}.Release|x64.Build.0 = Release|Any CPU
		{C87F1B95-EBD4-4C96-94D5-901108B3F222}.Release|x86.ActiveCfg = Release|Any CPU
		{C87F1B95-EBD4-4C96-94D5-901108B3F222}.Release|x86.Build.0 = Release|Any CPU
		{F70028EA-87CE-4F2C-8250-219D18730F40}.Debug|Any CPU.ActiveCfg = Debug|Any CPU
		{F70028EA-87CE-4F2C-8250-219D18730F40}.Debug|Any CPU.Build.0 = Debug|Any CPU
		{F70028EA-87CE-4F2C-8250-219D18730F40}.Debug|x64.ActiveCfg = Debug|Any CPU
		{F70028EA-87CE-4F2C-8250-219D18730F40}.Debug|x64.Build.0 = Debug|Any CPU
		{F70028EA-87CE-4F2C-8250-219D18730F40}.Debug|x86.ActiveCfg = Debug|Any CPU
		{F70028EA-87CE-4F2C-8250-219D18730F40}.Debug|x86.Build.0 = Debug|Any CPU
		{F70028EA-87CE-4F2C-8250-219D18730F40}.Release|Any CPU.ActiveCfg = Release|Any CPU
		{F70028EA-87CE-4F2C-8250-219D18730F40}.Release|Any CPU.Build.0 = Release|Any CPU
		{F70028EA-87CE-4F2C-8250-219D18730F40}.Release|x64.ActiveCfg = Release|Any CPU
		{F70028EA-87CE-4F2C-8250-219D18730F40}.Release|x64.Build.0 = Release|Any CPU
		{F70028EA-87CE-4F2C-8250-219D18730F40}.Release|x86.ActiveCfg = Release|Any CPU
		{F70028EA-87CE-4F2C-8250-219D18730F40}.Release|x86.Build.0 = Release|Any CPU
		{59EA63F7-2AAA-4808-9189-32E10D2FDB03}.Debug|Any CPU.ActiveCfg = Debug|Any CPU
		{59EA63F7-2AAA-4808-9189-32E10D2FDB03}.Debug|Any CPU.Build.0 = Debug|Any CPU
		{59EA63F7-2AAA-4808-9189-32E10D2FDB03}.Debug|x64.ActiveCfg = Debug|Any CPU
		{59EA63F7-2AAA-4808-9189-32E10D2FDB03}.Debug|x64.Build.0 = Debug|Any CPU
		{59EA63F7-2AAA-4808-9189-32E10D2FDB03}.Debug|x86.ActiveCfg = Debug|Any CPU
		{59EA63F7-2AAA-4808-9189-32E10D2FDB03}.Debug|x86.Build.0 = Debug|Any CPU
		{59EA63F7-2AAA-4808-9189-32E10D2FDB03}.Release|Any CPU.ActiveCfg = Release|Any CPU
		{59EA63F7-2AAA-4808-9189-32E10D2FDB03}.Release|Any CPU.Build.0 = Release|Any CPU
		{59EA63F7-2AAA-4808-9189-32E10D2FDB03}.Release|x64.ActiveCfg = Release|Any CPU
		{59EA63F7-2AAA-4808-9189-32E10D2FDB03}.Release|x64.Build.0 = Release|Any CPU
		{59EA63F7-2AAA-4808-9189-32E10D2FDB03}.Release|x86.ActiveCfg = Release|Any CPU
		{59EA63F7-2AAA-4808-9189-32E10D2FDB03}.Release|x86.Build.0 = Release|Any CPU
	EndGlobalSection
	GlobalSection(SolutionProperties) = preSolution
		HideSolutionNode = FALSE
	EndGlobalSection
	GlobalSection(NestedProjects) = preSolution
		{CD7F5FBB-F821-40CF-A951-49BED5D765EF} = {827E0CD3-B72D-47B6-A68D-7590B98EB39B}
		{F52A25F7-A7C6-4843-AD67-C2585B052516} = {827E0CD3-B72D-47B6-A68D-7590B98EB39B}
		{758FD589-4012-4501-B7B2-275079E7A3DB} = {827E0CD3-B72D-47B6-A68D-7590B98EB39B}
		{73E88E53-ADA4-452A-9607-CBEF3F9AA55D} = {827E0CD3-B72D-47B6-A68D-7590B98EB39B}
		{C87F1B95-EBD4-4C96-94D5-901108B3F222} = {0AB3BF05-4346-4AA6-1389-037BE0695223}
		{F70028EA-87CE-4F2C-8250-219D18730F40} = {0AB3BF05-4346-4AA6-1389-037BE0695223}
		{59EA63F7-2AAA-4808-9189-32E10D2FDB03} = {0AB3BF05-4346-4AA6-1389-037BE0695223}
	EndGlobalSection
EndGlobal
